
Microsoft Visual Studio Solution File, Format Version 12.00
# Visual Studio 15
VisualStudioVersion = 15.0.27130.2010
MinimumVisualStudioVersion = 10.0.40219.1
Project("{FAE04EC0-301F-11D3-BF4B-00C04F79EFBC}") = "Pure.Ext", "Pure.Ext\Pure.Ext.csproj", "{CCFE4480-4F7C-4003-B7E9-742A391ACA53}"
EndProject
Global
	GlobalSection(SolutionConfigurationPlatforms) = preSolution
		Debug|Any CPU = Debug|Any CPU
		Release|Any CPU = Release|Any CPU
	EndGlobalSection
	GlobalSection(ProjectConfigurationPlatforms) = postSolution
		{CCFE4480-4F7C-4003-B7E9-742A391ACA53}.Debug|Any CPU.ActiveCfg = Debug|Any CPU
		{CCFE4480-4F7C-4003-B7E9-742A391ACA53}.Debug|Any CPU.Build.0 = Debug|Any CPU
		{CCFE4480-4F7C-4003-B7E9-742A391ACA53}.Release|Any CPU.ActiveCfg = Release|Any CPU
		{CCFE4480-4F7C-4003-B7E9-742A391ACA53}.Release|Any CPU.Build.0 = Release|Any CPU
	EndGlobalSection
	GlobalSection(SolutionProperties) = preSolution
		HideSolutionNode = FALSE
	EndGlobalSection
	GlobalSection(ExtensibilityGlobals) = postSolution
		SolutionGuid = {881FB185-6341-421A-AD0D-54FFC53154E4}
	EndGlobalSection
EndGlobal
